
Microsoft Visual Studio Solution File, Format Version 12.00
# Visual Studio 15
VisualStudioVersion = 15.0.26730.8
MinimumVisualStudioVersion = 10.0.40219.1
Project("{FAE04EC0-301F-11D3-BF4B-00C04F79EFBC}") = "ACLTest", "ACLTest\ACLTest.csproj", "{B6E4CBBE-0081-4B39-9D22-5F45974B7A00}"
EndProject
Project("{FAE04EC0-301F-11D3-BF4B-00C04F79EFBC}") = "ACL", "ACL\ACL.csproj", "{6CE298B8-8964-4481-B823-D682587B08E6}"
EndProject
Project("{FAE04EC0-301F-11D3-BF4B-00C04F79EFBC}") = "ACLObjectSecurity", "ACLObjectSecurity\ACLObjectSecurity.csproj", "{5870B3F5-506F-4B90-B44D-F526CF755608}"
EndProject
Global
	GlobalSection(SolutionConfigurationPlatforms) = preSolution
		Debug|Any CPU = Debug|Any CPU
		Release|Any CPU = Release|Any CPU
	EndGlobalSection
	GlobalSection(ProjectConfigurationPlatforms) = postSolution
		{B6E4CBBE-0081-4B39-9D22-5F45974B7A00}.Debug|Any CPU.ActiveCfg = Debug|Any CPU
		{B6E4CBBE-0081-4B39-9D22-5F45974B7A00}.Debug|Any CPU.Build.0 = Debug|Any CPU
		{B6E4CBBE-0081-4B39-9D22-5F45974B7A00}.Release|Any CPU.ActiveCfg = Release|Any CPU
		{B6E4CBBE-0081-4B39-9D22-5F45974B7A00}.Release|Any CPU.Build.0 = Release|Any CPU
		{6CE298B8-8964-4481-B823-D682587B08E6}.Debug|Any CPU.ActiveCfg = Debug|Any CPU
		{6CE298B8-8964-4481-B823-D682587B08E6}.Debug|Any CPU.Build.0 = Debug|Any CPU
		{6CE298B8-8964-4481-B823-D682587B08E6}.Release|Any CPU.ActiveCfg = Release|Any CPU
		{6CE298B8-8964-4481-B823-D682587B08E6}.Release|Any CPU.Build.0 = Release|Any CPU
		{5870B3F5-506F-4B90-B44D-F526CF755608}.Debug|Any CPU.ActiveCfg = Debug|Any CPU
		{5870B3F5-506F-4B90-B44D-F526CF755608}.Debug|Any CPU.Build.0 = Debug|Any CPU
		{5870B3F5-506F-4B90-B44D-F526CF755608}.Release|Any CPU.ActiveCfg = Release|Any CPU
		{5870B3F5-506F-4B90-B44D-F526CF755608}.Release|Any CPU.Build.0 = Release|Any CPU
	EndGlobalSection
	GlobalSection(SolutionProperties) = preSolution
		HideSolutionNode = FALSE
	EndGlobalSection
	GlobalSection(ExtensibilityGlobals) = postSolution
		SolutionGuid = {C4F4E25E-BBC0-4078-95C7-2EB8A2E9A5FA}
	EndGlobalSection
EndGlobal
